
Microsoft Visual Studio Solution File, Format Version 12.00
# Visual Studio 14
VisualStudioVersion = 14.0.25420.1
MinimumVisualStudioVersion = 10.0.40219.1
Project("{FAE04EC0-301F-11D3-BF4B-00C04F79EFBC}") = "TSAR", "TSAR\TSAR.csproj", "{78C8293B-6089-4E6B-B9C5-BF6508DB532D}"
EndProject
Project("{FAE04EC0-301F-11D3-BF4B-00C04F79EFBC}") = "TSAR.Tests", "TSAR.Tests\TSAR.Tests.csproj", "{2E5BF44F-E63D-48C4-9717-0015EC59E8B8}"
EndProject
Project("{2150E333-8FDC-42A3-9474-1A3956D46DE8}") = "Solution Items", "Solution Items", "{8865546C-2821-447F-908D-19A53BE694BE}"
	ProjectSection(SolutionItems) = preProject
		WE-Palette.css = WE-Palette.css
	EndProjectSection
EndProject
Global
	GlobalSection(SolutionConfigurationPlatforms) = preSolution
		Debug|Any CPU = Debug|Any CPU
		Release|Any CPU = Release|Any CPU
	EndGlobalSection
	GlobalSection(ProjectConfigurationPlatforms) = postSolution
		{78C8293B-6089-4E6B-B9C5-BF6508DB532D}.Debug|Any CPU.ActiveCfg = Debug|Any CPU
		{78C8293B-6089-4E6B-B9C5-BF6508DB532D}.Debug|Any CPU.Build.0 = Debug|Any CPU
		{78C8293B-6089-4E6B-B9C5-BF6508DB532D}.Release|Any CPU.ActiveCfg = Release|Any CPU
		{78C8293B-6089-4E6B-B9C5-BF6508DB532D}.Release|Any CPU.Build.0 = Release|Any CPU
		{2E5BF44F-E63D-48C4-9717-0015EC59E8B8}.Debug|Any CPU.ActiveCfg = Debug|Any CPU
		{2E5BF44F-E63D-48C4-9717-0015EC59E8B8}.Debug|Any CPU.Build.0 = Debug|Any CPU
		{2E5BF44F-E63D-48C4-9717-0015EC59E8B8}.Release|Any CPU.ActiveCfg = Release|Any CPU
		{2E5BF44F-E63D-48C4-9717-0015EC59E8B8}.Release|Any CPU.Build.0 = Release|Any CPU
	EndGlobalSection
	GlobalSection(SolutionProperties) = preSolution
		HideSolutionNode = FALSE
	EndGlobalSection
EndGlobal
