
Microsoft Visual Studio Solution File, Format Version 12.00
# Visual Studio 14
VisualStudioVersion = 14.0.25420.1
MinimumVisualStudioVersion = 10.0.40219.1
Project("{FAE04EC0-301F-11D3-BF4B-00C04F79EFBC}") = "TSAR", "TSAR\TSAR.csproj", "{78C8293B-6089-4E6B-B9C5-BF6508DB532D}"
EndProject
Project("{FAE04EC0-301F-11D3-BF4B-00C04F79EFBC}") = "TSAR.Tests", "TSAR.Tests\TSAR.Tests.csproj", "{2E5BF44F-E63D-48C4-9717-0015EC59E8B8}"
EndProject
Project("{2150E333-8FDC-42A3-9474-1A3956D46DE8}") = "Solution Items", "Solution Items", "{8865546C-2821-447F-908D-19A53BE694BE}"
	ProjectSection(SolutionItems) = preProject
		WE-Palette.css = WE-Palette.css
	EndProjectSection
EndProject
Project("{FAE04EC0-301F-11D3-BF4B-00C04F79EFBC}") = "API", "API\API.csproj", "{36230AF4-9F0B-42CB-A0A9-5E091C9BB81E}"
	ProjectSection(ProjectDependencies) = postProject
		{78C8293B-6089-4E6B-B9C5-BF6508DB532D} = {78C8293B-6089-4E6B-B9C5-BF6508DB532D}
	EndProjectSection
EndProject
Project("{FAE04EC0-301F-11D3-BF4B-00C04F79EFBC}") = "MobileTsar", "MobileTsar\MobileTsar\MobileTsar.csproj", "{2B1D1A8E-289F-4FB3-B2E2-7E30F045C94D}"
EndProject
Project("{FAE04EC0-301F-11D3-BF4B-00C04F79EFBC}") = "MobileTsar.Droid", "MobileTsar\MobileTsar.Droid\MobileTsar.Droid.csproj", "{FEEADE5F-91F1-4DC6-8641-C501494578BC}"
EndProject
Project("{FAE04EC0-301F-11D3-BF4B-00C04F79EFBC}") = "MobileTsar.iOS", "MobileTsar\MobileTsar.iOS\MobileTsar.iOS.csproj", "{1A56B080-AA72-431F-894B-919E2ECC83C6}"
EndProject
Project("{FAE04EC0-301F-11D3-BF4B-00C04F79EFBC}") = "MobileTsar.WinPhone", "MobileTsar\MobileTsar.WinPhone\MobileTsar.WinPhone.csproj", "{3C7DC5CA-12D1-4B66-92FB-FAE454D3C5DC}"
EndProject
Project("{FAE04EC0-301F-11D3-BF4B-00C04F79EFBC}") = "MobileTsar.Windows", "MobileTsar\MobileTsar.Windows\MobileTsar.Windows.csproj", "{B0431AD7-2985-46A3-93A2-DCF2E3B682A4}"
EndProject
Project("{2150E333-8FDC-42A3-9474-1A3956D46DE8}") = "Mobile", "Mobile", "{57AFCA21-6267-4644-B81D-16E48B272199}"
EndProject
Project("{FAE04EC0-301F-11D3-BF4B-00C04F79EFBC}") = "Microsoft.Bot.Sample.SimpleEchoBot", "..\Tsarbs-bot (1) (2)\Microsoft.Bot.Sample.SimpleEchoBot.csproj", "{9C7E3A46-B60F-4052-9A21-DC8D1A942216}"
EndProject
Global
	GlobalSection(SolutionConfigurationPlatforms) = preSolution
		Ad-Hoc|Any CPU = Ad-Hoc|Any CPU
		Ad-Hoc|ARM = Ad-Hoc|ARM
		Ad-Hoc|iPhone = Ad-Hoc|iPhone
		Ad-Hoc|iPhoneSimulator = Ad-Hoc|iPhoneSimulator
		Ad-Hoc|x64 = Ad-Hoc|x64
		Ad-Hoc|x86 = Ad-Hoc|x86
		AppStore|Any CPU = AppStore|Any CPU
		AppStore|ARM = AppStore|ARM
		AppStore|iPhone = AppStore|iPhone
		AppStore|iPhoneSimulator = AppStore|iPhoneSimulator
		AppStore|x64 = AppStore|x64
		AppStore|x86 = AppStore|x86
		Debug|Any CPU = Debug|Any CPU
		Debug|ARM = Debug|ARM
		Debug|iPhone = Debug|iPhone
		Debug|iPhoneSimulator = Debug|iPhoneSimulator
		Debug|x64 = Debug|x64
		Debug|x86 = Debug|x86
		Release|Any CPU = Release|Any CPU
		Release|ARM = Release|ARM
		Release|iPhone = Release|iPhone
		Release|iPhoneSimulator = Release|iPhoneSimulator
		Release|x64 = Release|x64
		Release|x86 = Release|x86
	EndGlobalSection
	GlobalSection(ProjectConfigurationPlatforms) = postSolution
		{78C8293B-6089-4E6B-B9C5-BF6508DB532D}.Ad-Hoc|Any CPU.ActiveCfg = Release|Any CPU
		{78C8293B-6089-4E6B-B9C5-BF6508DB532D}.Ad-Hoc|Any CPU.Build.0 = Release|Any CPU
		{78C8293B-6089-4E6B-B9C5-BF6508DB532D}.Ad-Hoc|ARM.ActiveCfg = Release|Any CPU
		{78C8293B-6089-4E6B-B9C5-BF6508DB532D}.Ad-Hoc|ARM.Build.0 = Release|Any CPU
		{78C8293B-6089-4E6B-B9C5-BF6508DB532D}.Ad-Hoc|iPhone.ActiveCfg = Release|Any CPU
		{78C8293B-6089-4E6B-B9C5-BF6508DB532D}.Ad-Hoc|iPhone.Build.0 = Release|Any CPU
		{78C8293B-6089-4E6B-B9C5-BF6508DB532D}.Ad-Hoc|iPhoneSimulator.ActiveCfg = Release|Any CPU
		{78C8293B-6089-4E6B-B9C5-BF6508DB532D}.Ad-Hoc|iPhoneSimulator.Build.0 = Release|Any CPU
		{78C8293B-6089-4E6B-B9C5-BF6508DB532D}.Ad-Hoc|x64.ActiveCfg = Release|Any CPU
		{78C8293B-6089-4E6B-B9C5-BF6508DB532D}.Ad-Hoc|x64.Build.0 = Release|Any CPU
		{78C8293B-6089-4E6B-B9C5-BF6508DB532D}.Ad-Hoc|x86.ActiveCfg = Release|Any CPU
		{78C8293B-6089-4E6B-B9C5-BF6508DB532D}.Ad-Hoc|x86.Build.0 = Release|Any CPU
		{78C8293B-6089-4E6B-B9C5-BF6508DB532D}.AppStore|Any CPU.ActiveCfg = Release|Any CPU
		{78C8293B-6089-4E6B-B9C5-BF6508DB532D}.AppStore|Any CPU.Build.0 = Release|Any CPU
		{78C8293B-6089-4E6B-B9C5-BF6508DB532D}.AppStore|ARM.ActiveCfg = Release|Any CPU
		{78C8293B-6089-4E6B-B9C5-BF6508DB532D}.AppStore|ARM.Build.0 = Release|Any CPU
		{78C8293B-6089-4E6B-B9C5-BF6508DB532D}.AppStore|iPhone.ActiveCfg = Release|Any CPU
		{78C8293B-6089-4E6B-B9C5-BF6508DB532D}.AppStore|iPhone.Build.0 = Release|Any CPU
		{78C8293B-6089-4E6B-B9C5-BF6508DB532D}.AppStore|iPhoneSimulator.ActiveCfg = Release|Any CPU
		{78C8293B-6089-4E6B-B9C5-BF6508DB532D}.AppStore|iPhoneSimulator.Build.0 = Release|Any CPU
		{78C8293B-6089-4E6B-B9C5-BF6508DB532D}.AppStore|x64.ActiveCfg = Release|Any CPU
		{78C8293B-6089-4E6B-B9C5-BF6508DB532D}.AppStore|x64.Build.0 = Release|Any CPU
		{78C8293B-6089-4E6B-B9C5-BF6508DB532D}.AppStore|x86.ActiveCfg = Release|Any CPU
		{78C8293B-6089-4E6B-B9C5-BF6508DB532D}.AppStore|x86.Build.0 = Release|Any CPU
		{78C8293B-6089-4E6B-B9C5-BF6508DB532D}.Debug|Any CPU.ActiveCfg = Debug|Any CPU
		{78C8293B-6089-4E6B-B9C5-BF6508DB532D}.Debug|Any CPU.Build.0 = Debug|Any CPU
		{78C8293B-6089-4E6B-B9C5-BF6508DB532D}.Debug|ARM.ActiveCfg = Debug|Any CPU
		{78C8293B-6089-4E6B-B9C5-BF6508DB532D}.Debug|ARM.Build.0 = Debug|Any CPU
		{78C8293B-6089-4E6B-B9C5-BF6508DB532D}.Debug|iPhone.ActiveCfg = Debug|Any CPU
		{78C8293B-6089-4E6B-B9C5-BF6508DB532D}.Debug|iPhone.Build.0 = Debug|Any CPU
		{78C8293B-6089-4E6B-B9C5-BF6508DB532D}.Debug|iPhoneSimulator.ActiveCfg = Debug|Any CPU
		{78C8293B-6089-4E6B-B9C5-BF6508DB532D}.Debug|iPhoneSimulator.Build.0 = Debug|Any CPU
		{78C8293B-6089-4E6B-B9C5-BF6508DB532D}.Debug|x64.ActiveCfg = Debug|Any CPU
		{78C8293B-6089-4E6B-B9C5-BF6508DB532D}.Debug|x64.Build.0 = Debug|Any CPU
		{78C8293B-6089-4E6B-B9C5-BF6508DB532D}.Debug|x86.ActiveCfg = Debug|Any CPU
		{78C8293B-6089-4E6B-B9C5-BF6508DB532D}.Debug|x86.Build.0 = Debug|Any CPU
		{78C8293B-6089-4E6B-B9C5-BF6508DB532D}.Release|Any CPU.ActiveCfg = Release|Any CPU
		{78C8293B-6089-4E6B-B9C5-BF6508DB532D}.Release|Any CPU.Build.0 = Release|Any CPU
		{78C8293B-6089-4E6B-B9C5-BF6508DB532D}.Release|ARM.ActiveCfg = Release|Any CPU
		{78C8293B-6089-4E6B-B9C5-BF6508DB532D}.Release|ARM.Build.0 = Release|Any CPU
		{78C8293B-6089-4E6B-B9C5-BF6508DB532D}.Release|iPhone.ActiveCfg = Release|Any CPU
		{78C8293B-6089-4E6B-B9C5-BF6508DB532D}.Release|iPhone.Build.0 = Release|Any CPU
		{78C8293B-6089-4E6B-B9C5-BF6508DB532D}.Release|iPhoneSimulator.ActiveCfg = Release|Any CPU
		{78C8293B-6089-4E6B-B9C5-BF6508DB532D}.Release|iPhoneSimulator.Build.0 = Release|Any CPU
		{78C8293B-6089-4E6B-B9C5-BF6508DB532D}.Release|x64.ActiveCfg = Release|Any CPU
		{78C8293B-6089-4E6B-B9C5-BF6508DB532D}.Release|x64.Build.0 = Release|Any CPU
		{78C8293B-6089-4E6B-B9C5-BF6508DB532D}.Release|x86.ActiveCfg = Release|Any CPU
		{78C8293B-6089-4E6B-B9C5-BF6508DB532D}.Release|x86.Build.0 = Release|Any CPU
		{2E5BF44F-E63D-48C4-9717-0015EC59E8B8}.Ad-Hoc|Any CPU.ActiveCfg = Release|Any CPU
		{2E5BF44F-E63D-48C4-9717-0015EC59E8B8}.Ad-Hoc|Any CPU.Build.0 = Release|Any CPU
		{2E5BF44F-E63D-48C4-9717-0015EC59E8B8}.Ad-Hoc|ARM.ActiveCfg = Release|Any CPU
		{2E5BF44F-E63D-48C4-9717-0015EC59E8B8}.Ad-Hoc|ARM.Build.0 = Release|Any CPU
		{2E5BF44F-E63D-48C4-9717-0015EC59E8B8}.Ad-Hoc|iPhone.ActiveCfg = Release|Any CPU
		{2E5BF44F-E63D-48C4-9717-0015EC59E8B8}.Ad-Hoc|iPhone.Build.0 = Release|Any CPU
		{2E5BF44F-E63D-48C4-9717-0015EC59E8B8}.Ad-Hoc|iPhoneSimulator.ActiveCfg = Release|Any CPU
		{2E5BF44F-E63D-48C4-9717-0015EC59E8B8}.Ad-Hoc|iPhoneSimulator.Build.0 = Release|Any CPU
		{2E5BF44F-E63D-48C4-9717-0015EC59E8B8}.Ad-Hoc|x64.ActiveCfg = Release|Any CPU
		{2E5BF44F-E63D-48C4-9717-0015EC59E8B8}.Ad-Hoc|x64.Build.0 = Release|Any CPU
		{2E5BF44F-E63D-48C4-9717-0015EC59E8B8}.Ad-Hoc|x86.ActiveCfg = Release|Any CPU
		{2E5BF44F-E63D-48C4-9717-0015EC59E8B8}.Ad-Hoc|x86.Build.0 = Release|Any CPU
		{2E5BF44F-E63D-48C4-9717-0015EC59E8B8}.AppStore|Any CPU.ActiveCfg = Release|Any CPU
		{2E5BF44F-E63D-48C4-9717-0015EC59E8B8}.AppStore|Any CPU.Build.0 = Release|Any CPU
		{2E5BF44F-E63D-48C4-9717-0015EC59E8B8}.AppStore|ARM.ActiveCfg = Release|Any CPU
		{2E5BF44F-E63D-48C4-9717-0015EC59E8B8}.AppStore|ARM.Build.0 = Release|Any CPU
		{2E5BF44F-E63D-48C4-9717-0015EC59E8B8}.AppStore|iPhone.ActiveCfg = Release|Any CPU
		{2E5BF44F-E63D-48C4-9717-0015EC59E8B8}.AppStore|iPhone.Build.0 = Release|Any CPU
		{2E5BF44F-E63D-48C4-9717-0015EC59E8B8}.AppStore|iPhoneSimulator.ActiveCfg = Release|Any CPU
		{2E5BF44F-E63D-48C4-9717-0015EC59E8B8}.AppStore|iPhoneSimulator.Build.0 = Release|Any CPU
		{2E5BF44F-E63D-48C4-9717-0015EC59E8B8}.AppStore|x64.ActiveCfg = Release|Any CPU
		{2E5BF44F-E63D-48C4-9717-0015EC59E8B8}.AppStore|x64.Build.0 = Release|Any CPU
		{2E5BF44F-E63D-48C4-9717-0015EC59E8B8}.AppStore|x86.ActiveCfg = Release|Any CPU
		{2E5BF44F-E63D-48C4-9717-0015EC59E8B8}.AppStore|x86.Build.0 = Release|Any CPU
		{2E5BF44F-E63D-48C4-9717-0015EC59E8B8}.Debug|Any CPU.ActiveCfg = Debug|Any CPU
		{2E5BF44F-E63D-48C4-9717-0015EC59E8B8}.Debug|Any CPU.Build.0 = Debug|Any CPU
		{2E5BF44F-E63D-48C4-9717-0015EC59E8B8}.Debug|ARM.ActiveCfg = Debug|Any CPU
		{2E5BF44F-E63D-48C4-9717-0015EC59E8B8}.Debug|ARM.Build.0 = Debug|Any CPU
		{2E5BF44F-E63D-48C4-9717-0015EC59E8B8}.Debug|iPhone.ActiveCfg = Debug|Any CPU
		{2E5BF44F-E63D-48C4-9717-0015EC59E8B8}.Debug|iPhone.Build.0 = Debug|Any CPU
		{2E5BF44F-E63D-48C4-9717-0015EC59E8B8}.Debug|iPhoneSimulator.ActiveCfg = Debug|Any CPU
		{2E5BF44F-E63D-48C4-9717-0015EC59E8B8}.Debug|iPhoneSimulator.Build.0 = Debug|Any CPU
		{2E5BF44F-E63D-48C4-9717-0015EC59E8B8}.Debug|x64.ActiveCfg = Debug|Any CPU
		{2E5BF44F-E63D-48C4-9717-0015EC59E8B8}.Debug|x64.Build.0 = Debug|Any CPU
		{2E5BF44F-E63D-48C4-9717-0015EC59E8B8}.Debug|x86.ActiveCfg = Debug|Any CPU
		{2E5BF44F-E63D-48C4-9717-0015EC59E8B8}.Debug|x86.Build.0 = Debug|Any CPU
		{2E5BF44F-E63D-48C4-9717-0015EC59E8B8}.Release|Any CPU.ActiveCfg = Release|Any CPU
		{2E5BF44F-E63D-48C4-9717-0015EC59E8B8}.Release|Any CPU.Build.0 = Release|Any CPU
		{2E5BF44F-E63D-48C4-9717-0015EC59E8B8}.Release|ARM.ActiveCfg = Release|Any CPU
		{2E5BF44F-E63D-48C4-9717-0015EC59E8B8}.Release|ARM.Build.0 = Release|Any CPU
		{2E5BF44F-E63D-48C4-9717-0015EC59E8B8}.Release|iPhone.ActiveCfg = Release|Any CPU
		{2E5BF44F-E63D-48C4-9717-0015EC59E8B8}.Release|iPhone.Build.0 = Release|Any CPU
		{2E5BF44F-E63D-48C4-9717-0015EC59E8B8}.Release|iPhoneSimulator.ActiveCfg = Release|Any CPU
		{2E5BF44F-E63D-48C4-9717-0015EC59E8B8}.Release|iPhoneSimulator.Build.0 = Release|Any CPU
		{2E5BF44F-E63D-48C4-9717-0015EC59E8B8}.Release|x64.ActiveCfg = Release|Any CPU
		{2E5BF44F-E63D-48C4-9717-0015EC59E8B8}.Release|x64.Build.0 = Release|Any CPU
		{2E5BF44F-E63D-48C4-9717-0015EC59E8B8}.Release|x86.ActiveCfg = Release|Any CPU
		{2E5BF44F-E63D-48C4-9717-0015EC59E8B8}.Release|x86.Build.0 = Release|Any CPU
		{36230AF4-9F0B-42CB-A0A9-5E091C9BB81E}.Ad-Hoc|Any CPU.ActiveCfg = Release|Any CPU
		{36230AF4-9F0B-42CB-A0A9-5E091C9BB81E}.Ad-Hoc|Any CPU.Build.0 = Release|Any CPU
		{36230AF4-9F0B-42CB-A0A9-5E091C9BB81E}.Ad-Hoc|ARM.ActiveCfg = Release|Any CPU
		{36230AF4-9F0B-42CB-A0A9-5E091C9BB81E}.Ad-Hoc|ARM.Build.0 = Release|Any CPU
		{36230AF4-9F0B-42CB-A0A9-5E091C9BB81E}.Ad-Hoc|iPhone.ActiveCfg = Release|Any CPU
		{36230AF4-9F0B-42CB-A0A9-5E091C9BB81E}.Ad-Hoc|iPhone.Build.0 = Release|Any CPU
		{36230AF4-9F0B-42CB-A0A9-5E091C9BB81E}.Ad-Hoc|iPhoneSimulator.ActiveCfg = Release|Any CPU
		{36230AF4-9F0B-42CB-A0A9-5E091C9BB81E}.Ad-Hoc|iPhoneSimulator.Build.0 = Release|Any CPU
		{36230AF4-9F0B-42CB-A0A9-5E091C9BB81E}.Ad-Hoc|x64.ActiveCfg = Release|Any CPU
		{36230AF4-9F0B-42CB-A0A9-5E091C9BB81E}.Ad-Hoc|x64.Build.0 = Release|Any CPU
		{36230AF4-9F0B-42CB-A0A9-5E091C9BB81E}.Ad-Hoc|x86.ActiveCfg = Release|Any CPU
		{36230AF4-9F0B-42CB-A0A9-5E091C9BB81E}.Ad-Hoc|x86.Build.0 = Release|Any CPU
		{36230AF4-9F0B-42CB-A0A9-5E091C9BB81E}.AppStore|Any CPU.ActiveCfg = Release|Any CPU
		{36230AF4-9F0B-42CB-A0A9-5E091C9BB81E}.AppStore|Any CPU.Build.0 = Release|Any CPU
		{36230AF4-9F0B-42CB-A0A9-5E091C9BB81E}.AppStore|ARM.ActiveCfg = Release|Any CPU
		{36230AF4-9F0B-42CB-A0A9-5E091C9BB81E}.AppStore|ARM.Build.0 = Release|Any CPU
		{36230AF4-9F0B-42CB-A0A9-5E091C9BB81E}.AppStore|iPhone.ActiveCfg = Release|Any CPU
		{36230AF4-9F0B-42CB-A0A9-5E091C9BB81E}.AppStore|iPhone.Build.0 = Release|Any CPU
		{36230AF4-9F0B-42CB-A0A9-5E091C9BB81E}.AppStore|iPhoneSimulator.ActiveCfg = Release|Any CPU
		{36230AF4-9F0B-42CB-A0A9-5E091C9BB81E}.AppStore|iPhoneSimulator.Build.0 = Release|Any CPU
		{36230AF4-9F0B-42CB-A0A9-5E091C9BB81E}.AppStore|x64.ActiveCfg = Release|Any CPU
		{36230AF4-9F0B-42CB-A0A9-5E091C9BB81E}.AppStore|x64.Build.0 = Release|Any CPU
		{36230AF4-9F0B-42CB-A0A9-5E091C9BB81E}.AppStore|x86.ActiveCfg = Release|Any CPU
		{36230AF4-9F0B-42CB-A0A9-5E091C9BB81E}.AppStore|x86.Build.0 = Release|Any CPU
		{36230AF4-9F0B-42CB-A0A9-5E091C9BB81E}.Debug|Any CPU.ActiveCfg = Debug|Any CPU
		{36230AF4-9F0B-42CB-A0A9-5E091C9BB81E}.Debug|Any CPU.Build.0 = Debug|Any CPU
		{36230AF4-9F0B-42CB-A0A9-5E091C9BB81E}.Debug|ARM.ActiveCfg = Debug|Any CPU
		{36230AF4-9F0B-42CB-A0A9-5E091C9BB81E}.Debug|ARM.Build.0 = Debug|Any CPU
		{36230AF4-9F0B-42CB-A0A9-5E091C9BB81E}.Debug|iPhone.ActiveCfg = Debug|Any CPU
		{36230AF4-9F0B-42CB-A0A9-5E091C9BB81E}.Debug|iPhone.Build.0 = Debug|Any CPU
		{36230AF4-9F0B-42CB-A0A9-5E091C9BB81E}.Debug|iPhoneSimulator.ActiveCfg = Debug|Any CPU
		{36230AF4-9F0B-42CB-A0A9-5E091C9BB81E}.Debug|iPhoneSimulator.Build.0 = Debug|Any CPU
		{36230AF4-9F0B-42CB-A0A9-5E091C9BB81E}.Debug|x64.ActiveCfg = Debug|Any CPU
		{36230AF4-9F0B-42CB-A0A9-5E091C9BB81E}.Debug|x64.Build.0 = Debug|Any CPU
		{36230AF4-9F0B-42CB-A0A9-5E091C9BB81E}.Debug|x86.ActiveCfg = Debug|Any CPU
		{36230AF4-9F0B-42CB-A0A9-5E091C9BB81E}.Debug|x86.Build.0 = Debug|Any CPU
		{36230AF4-9F0B-42CB-A0A9-5E091C9BB81E}.Release|Any CPU.ActiveCfg = Release|Any CPU
		{36230AF4-9F0B-42CB-A0A9-5E091C9BB81E}.Release|Any CPU.Build.0 = Release|Any CPU
		{36230AF4-9F0B-42CB-A0A9-5E091C9BB81E}.Release|ARM.ActiveCfg = Release|Any CPU
		{36230AF4-9F0B-42CB-A0A9-5E091C9BB81E}.Release|ARM.Build.0 = Release|Any CPU
		{36230AF4-9F0B-42CB-A0A9-5E091C9BB81E}.Release|iPhone.ActiveCfg = Release|Any CPU
		{36230AF4-9F0B-42CB-A0A9-5E091C9BB81E}.Release|iPhone.Build.0 = Release|Any CPU
		{36230AF4-9F0B-42CB-A0A9-5E091C9BB81E}.Release|iPhoneSimulator.ActiveCfg = Release|Any CPU
		{36230AF4-9F0B-42CB-A0A9-5E091C9BB81E}.Release|iPhoneSimulator.Build.0 = Release|Any CPU
		{36230AF4-9F0B-42CB-A0A9-5E091C9BB81E}.Release|x64.ActiveCfg = Release|Any CPU
		{36230AF4-9F0B-42CB-A0A9-5E091C9BB81E}.Release|x64.Build.0 = Release|Any CPU
		{36230AF4-9F0B-42CB-A0A9-5E091C9BB81E}.Release|x86.ActiveCfg = Release|Any CPU
		{36230AF4-9F0B-42CB-A0A9-5E091C9BB81E}.Release|x86.Build.0 = Release|Any CPU
		{2B1D1A8E-289F-4FB3-B2E2-7E30F045C94D}.Ad-Hoc|Any CPU.ActiveCfg = Release|Any CPU
		{2B1D1A8E-289F-4FB3-B2E2-7E30F045C94D}.Ad-Hoc|Any CPU.Build.0 = Release|Any CPU
		{2B1D1A8E-289F-4FB3-B2E2-7E30F045C94D}.Ad-Hoc|ARM.ActiveCfg = Release|Any CPU
		{2B1D1A8E-289F-4FB3-B2E2-7E30F045C94D}.Ad-Hoc|ARM.Build.0 = Release|Any CPU
		{2B1D1A8E-289F-4FB3-B2E2-7E30F045C94D}.Ad-Hoc|iPhone.ActiveCfg = Release|Any CPU
		{2B1D1A8E-289F-4FB3-B2E2-7E30F045C94D}.Ad-Hoc|iPhone.Build.0 = Release|Any CPU
		{2B1D1A8E-289F-4FB3-B2E2-7E30F045C94D}.Ad-Hoc|iPhoneSimulator.ActiveCfg = Release|Any CPU
		{2B1D1A8E-289F-4FB3-B2E2-7E30F045C94D}.Ad-Hoc|iPhoneSimulator.Build.0 = Release|Any CPU
		{2B1D1A8E-289F-4FB3-B2E2-7E30F045C94D}.Ad-Hoc|x64.ActiveCfg = Release|Any CPU
		{2B1D1A8E-289F-4FB3-B2E2-7E30F045C94D}.Ad-Hoc|x64.Build.0 = Release|Any CPU
		{2B1D1A8E-289F-4FB3-B2E2-7E30F045C94D}.Ad-Hoc|x86.ActiveCfg = Release|Any CPU
		{2B1D1A8E-289F-4FB3-B2E2-7E30F045C94D}.Ad-Hoc|x86.Build.0 = Release|Any CPU
		{2B1D1A8E-289F-4FB3-B2E2-7E30F045C94D}.AppStore|Any CPU.ActiveCfg = Release|Any CPU
		{2B1D1A8E-289F-4FB3-B2E2-7E30F045C94D}.AppStore|Any CPU.Build.0 = Release|Any CPU
		{2B1D1A8E-289F-4FB3-B2E2-7E30F045C94D}.AppStore|ARM.ActiveCfg = Release|Any CPU
		{2B1D1A8E-289F-4FB3-B2E2-7E30F045C94D}.AppStore|ARM.Build.0 = Release|Any CPU
		{2B1D1A8E-289F-4FB3-B2E2-7E30F045C94D}.AppStore|iPhone.ActiveCfg = Release|Any CPU
		{2B1D1A8E-289F-4FB3-B2E2-7E30F045C94D}.AppStore|iPhone.Build.0 = Release|Any CPU
		{2B1D1A8E-289F-4FB3-B2E2-7E30F045C94D}.AppStore|iPhoneSimulator.ActiveCfg = Release|Any CPU
		{2B1D1A8E-289F-4FB3-B2E2-7E30F045C94D}.AppStore|iPhoneSimulator.Build.0 = Release|Any CPU
		{2B1D1A8E-289F-4FB3-B2E2-7E30F045C94D}.AppStore|x64.ActiveCfg = Release|Any CPU
		{2B1D1A8E-289F-4FB3-B2E2-7E30F045C94D}.AppStore|x64.Build.0 = Release|Any CPU
		{2B1D1A8E-289F-4FB3-B2E2-7E30F045C94D}.AppStore|x86.ActiveCfg = Release|Any CPU
		{2B1D1A8E-289F-4FB3-B2E2-7E30F045C94D}.AppStore|x86.Build.0 = Release|Any CPU
		{2B1D1A8E-289F-4FB3-B2E2-7E30F045C94D}.Debug|Any CPU.ActiveCfg = Debug|Any CPU
		{2B1D1A8E-289F-4FB3-B2E2-7E30F045C94D}.Debug|Any CPU.Build.0 = Debug|Any CPU
		{2B1D1A8E-289F-4FB3-B2E2-7E30F045C94D}.Debug|ARM.ActiveCfg = Debug|Any CPU
		{2B1D1A8E-289F-4FB3-B2E2-7E30F045C94D}.Debug|ARM.Build.0 = Debug|Any CPU
		{2B1D1A8E-289F-4FB3-B2E2-7E30F045C94D}.Debug|iPhone.ActiveCfg = Debug|Any CPU
		{2B1D1A8E-289F-4FB3-B2E2-7E30F045C94D}.Debug|iPhone.Build.0 = Debug|Any CPU
		{2B1D1A8E-289F-4FB3-B2E2-7E30F045C94D}.Debug|iPhoneSimulator.ActiveCfg = Debug|Any CPU
		{2B1D1A8E-289F-4FB3-B2E2-7E30F045C94D}.Debug|iPhoneSimulator.Build.0 = Debug|Any CPU
		{2B1D1A8E-289F-4FB3-B2E2-7E30F045C94D}.Debug|x64.ActiveCfg = Debug|Any CPU
		{2B1D1A8E-289F-4FB3-B2E2-7E30F045C94D}.Debug|x64.Build.0 = Debug|Any CPU
		{2B1D1A8E-289F-4FB3-B2E2-7E30F045C94D}.Debug|x86.ActiveCfg = Debug|Any CPU
		{2B1D1A8E-289F-4FB3-B2E2-7E30F045C94D}.Debug|x86.Build.0 = Debug|Any CPU
		{2B1D1A8E-289F-4FB3-B2E2-7E30F045C94D}.Release|Any CPU.ActiveCfg = Release|Any CPU
		{2B1D1A8E-289F-4FB3-B2E2-7E30F045C94D}.Release|Any CPU.Build.0 = Release|Any CPU
		{2B1D1A8E-289F-4FB3-B2E2-7E30F045C94D}.Release|ARM.ActiveCfg = Release|Any CPU
		{2B1D1A8E-289F-4FB3-B2E2-7E30F045C94D}.Release|ARM.Build.0 = Release|Any CPU
		{2B1D1A8E-289F-4FB3-B2E2-7E30F045C94D}.Release|iPhone.ActiveCfg = Release|Any CPU
		{2B1D1A8E-289F-4FB3-B2E2-7E30F045C94D}.Release|iPhone.Build.0 = Release|Any CPU
		{2B1D1A8E-289F-4FB3-B2E2-7E30F045C94D}.Release|iPhoneSimulator.ActiveCfg = Release|Any CPU
		{2B1D1A8E-289F-4FB3-B2E2-7E30F045C94D}.Release|iPhoneSimulator.Build.0 = Release|Any CPU
		{2B1D1A8E-289F-4FB3-B2E2-7E30F045C94D}.Release|x64.ActiveCfg = Release|Any CPU
		{2B1D1A8E-289F-4FB3-B2E2-7E30F045C94D}.Release|x64.Build.0 = Release|Any CPU
		{2B1D1A8E-289F-4FB3-B2E2-7E30F045C94D}.Release|x86.ActiveCfg = Release|Any CPU
		{2B1D1A8E-289F-4FB3-B2E2-7E30F045C94D}.Release|x86.Build.0 = Release|Any CPU
		{FEEADE5F-91F1-4DC6-8641-C501494578BC}.Ad-Hoc|Any CPU.ActiveCfg = Release|Any CPU
		{FEEADE5F-91F1-4DC6-8641-C501494578BC}.Ad-Hoc|Any CPU.Build.0 = Release|Any CPU
		{FEEADE5F-91F1-4DC6-8641-C501494578BC}.Ad-Hoc|Any CPU.Deploy.0 = Release|Any CPU
		{FEEADE5F-91F1-4DC6-8641-C501494578BC}.Ad-Hoc|ARM.ActiveCfg = Release|Any CPU
		{FEEADE5F-91F1-4DC6-8641-C501494578BC}.Ad-Hoc|ARM.Build.0 = Release|Any CPU
		{FEEADE5F-91F1-4DC6-8641-C501494578BC}.Ad-Hoc|ARM.Deploy.0 = Release|Any CPU
		{FEEADE5F-91F1-4DC6-8641-C501494578BC}.Ad-Hoc|iPhone.ActiveCfg = Release|Any CPU
		{FEEADE5F-91F1-4DC6-8641-C501494578BC}.Ad-Hoc|iPhone.Build.0 = Release|Any CPU
		{FEEADE5F-91F1-4DC6-8641-C501494578BC}.Ad-Hoc|iPhone.Deploy.0 = Release|Any CPU
		{FEEADE5F-91F1-4DC6-8641-C501494578BC}.Ad-Hoc|iPhoneSimulator.ActiveCfg = Release|Any CPU
		{FEEADE5F-91F1-4DC6-8641-C501494578BC}.Ad-Hoc|iPhoneSimulator.Build.0 = Release|Any CPU
		{FEEADE5F-91F1-4DC6-8641-C501494578BC}.Ad-Hoc|iPhoneSimulator.Deploy.0 = Release|Any CPU
		{FEEADE5F-91F1-4DC6-8641-C501494578BC}.Ad-Hoc|x64.ActiveCfg = Release|Any CPU
		{FEEADE5F-91F1-4DC6-8641-C501494578BC}.Ad-Hoc|x64.Build.0 = Release|Any CPU
		{FEEADE5F-91F1-4DC6-8641-C501494578BC}.Ad-Hoc|x64.Deploy.0 = Release|Any CPU
		{FEEADE5F-91F1-4DC6-8641-C501494578BC}.Ad-Hoc|x86.ActiveCfg = Release|Any CPU
		{FEEADE5F-91F1-4DC6-8641-C501494578BC}.Ad-Hoc|x86.Build.0 = Release|Any CPU
		{FEEADE5F-91F1-4DC6-8641-C501494578BC}.Ad-Hoc|x86.Deploy.0 = Release|Any CPU
		{FEEADE5F-91F1-4DC6-8641-C501494578BC}.AppStore|Any CPU.ActiveCfg = Release|Any CPU
		{FEEADE5F-91F1-4DC6-8641-C501494578BC}.AppStore|Any CPU.Build.0 = Release|Any CPU
		{FEEADE5F-91F1-4DC6-8641-C501494578BC}.AppStore|Any CPU.Deploy.0 = Release|Any CPU
		{FEEADE5F-91F1-4DC6-8641-C501494578BC}.AppStore|ARM.ActiveCfg = Release|Any CPU
		{FEEADE5F-91F1-4DC6-8641-C501494578BC}.AppStore|ARM.Build.0 = Release|Any CPU
		{FEEADE5F-91F1-4DC6-8641-C501494578BC}.AppStore|ARM.Deploy.0 = Release|Any CPU
		{FEEADE5F-91F1-4DC6-8641-C501494578BC}.AppStore|iPhone.ActiveCfg = Release|Any CPU
		{FEEADE5F-91F1-4DC6-8641-C501494578BC}.AppStore|iPhone.Build.0 = Release|Any CPU
		{FEEADE5F-91F1-4DC6-8641-C501494578BC}.AppStore|iPhone.Deploy.0 = Release|Any CPU
		{FEEADE5F-91F1-4DC6-8641-C501494578BC}.AppStore|iPhoneSimulator.ActiveCfg = Release|Any CPU
		{FEEADE5F-91F1-4DC6-8641-C501494578BC}.AppStore|iPhoneSimulator.Build.0 = Release|Any CPU
		{FEEADE5F-91F1-4DC6-8641-C501494578BC}.AppStore|iPhoneSimulator.Deploy.0 = Release|Any CPU
		{FEEADE5F-91F1-4DC6-8641-C501494578BC}.AppStore|x64.ActiveCfg = Release|Any CPU
		{FEEADE5F-91F1-4DC6-8641-C501494578BC}.AppStore|x64.Build.0 = Release|Any CPU
		{FEEADE5F-91F1-4DC6-8641-C501494578BC}.AppStore|x64.Deploy.0 = Release|Any CPU
		{FEEADE5F-91F1-4DC6-8641-C501494578BC}.AppStore|x86.ActiveCfg = Release|Any CPU
		{FEEADE5F-91F1-4DC6-8641-C501494578BC}.AppStore|x86.Build.0 = Release|Any CPU
		{FEEADE5F-91F1-4DC6-8641-C501494578BC}.AppStore|x86.Deploy.0 = Release|Any CPU
		{FEEADE5F-91F1-4DC6-8641-C501494578BC}.Debug|Any CPU.ActiveCfg = Debug|Any CPU
		{FEEADE5F-91F1-4DC6-8641-C501494578BC}.Debug|Any CPU.Build.0 = Debug|Any CPU
		{FEEADE5F-91F1-4DC6-8641-C501494578BC}.Debug|Any CPU.Deploy.0 = Debug|Any CPU
		{FEEADE5F-91F1-4DC6-8641-C501494578BC}.Debug|ARM.ActiveCfg = Debug|Any CPU
		{FEEADE5F-91F1-4DC6-8641-C501494578BC}.Debug|ARM.Build.0 = Debug|Any CPU
		{FEEADE5F-91F1-4DC6-8641-C501494578BC}.Debug|ARM.Deploy.0 = Debug|Any CPU
		{FEEADE5F-91F1-4DC6-8641-C501494578BC}.Debug|iPhone.ActiveCfg = Debug|Any CPU
		{FEEADE5F-91F1-4DC6-8641-C501494578BC}.Debug|iPhone.Build.0 = Debug|Any CPU
		{FEEADE5F-91F1-4DC6-8641-C501494578BC}.Debug|iPhone.Deploy.0 = Debug|Any CPU
		{FEEADE5F-91F1-4DC6-8641-C501494578BC}.Debug|iPhoneSimulator.ActiveCfg = Debug|Any CPU
		{FEEADE5F-91F1-4DC6-8641-C501494578BC}.Debug|iPhoneSimulator.Build.0 = Debug|Any CPU
		{FEEADE5F-91F1-4DC6-8641-C501494578BC}.Debug|iPhoneSimulator.Deploy.0 = Debug|Any CPU
		{FEEADE5F-91F1-4DC6-8641-C501494578BC}.Debug|x64.ActiveCfg = Debug|Any CPU
		{FEEADE5F-91F1-4DC6-8641-C501494578BC}.Debug|x64.Build.0 = Debug|Any CPU
		{FEEADE5F-91F1-4DC6-8641-C501494578BC}.Debug|x64.Deploy.0 = Debug|Any CPU
		{FEEADE5F-91F1-4DC6-8641-C501494578BC}.Debug|x86.ActiveCfg = Debug|Any CPU
		{FEEADE5F-91F1-4DC6-8641-C501494578BC}.Debug|x86.Build.0 = Debug|Any CPU
		{FEEADE5F-91F1-4DC6-8641-C501494578BC}.Debug|x86.Deploy.0 = Debug|Any CPU
		{FEEADE5F-91F1-4DC6-8641-C501494578BC}.Release|Any CPU.ActiveCfg = Release|Any CPU
		{FEEADE5F-91F1-4DC6-8641-C501494578BC}.Release|Any CPU.Build.0 = Release|Any CPU
		{FEEADE5F-91F1-4DC6-8641-C501494578BC}.Release|Any CPU.Deploy.0 = Release|Any CPU
		{FEEADE5F-91F1-4DC6-8641-C501494578BC}.Release|ARM.ActiveCfg = Release|Any CPU
		{FEEADE5F-91F1-4DC6-8641-C501494578BC}.Release|ARM.Build.0 = Release|Any CPU
		{FEEADE5F-91F1-4DC6-8641-C501494578BC}.Release|ARM.Deploy.0 = Release|Any CPU
		{FEEADE5F-91F1-4DC6-8641-C501494578BC}.Release|iPhone.ActiveCfg = Release|Any CPU
		{FEEADE5F-91F1-4DC6-8641-C501494578BC}.Release|iPhone.Build.0 = Release|Any CPU
		{FEEADE5F-91F1-4DC6-8641-C501494578BC}.Release|iPhone.Deploy.0 = Release|Any CPU
		{FEEADE5F-91F1-4DC6-8641-C501494578BC}.Release|iPhoneSimulator.ActiveCfg = Release|Any CPU
		{FEEADE5F-91F1-4DC6-8641-C501494578BC}.Release|iPhoneSimulator.Build.0 = Release|Any CPU
		{FEEADE5F-91F1-4DC6-8641-C501494578BC}.Release|iPhoneSimulator.Deploy.0 = Release|Any CPU
		{FEEADE5F-91F1-4DC6-8641-C501494578BC}.Release|x64.ActiveCfg = Release|Any CPU
		{FEEADE5F-91F1-4DC6-8641-C501494578BC}.Release|x64.Build.0 = Release|Any CPU
		{FEEADE5F-91F1-4DC6-8641-C501494578BC}.Release|x64.Deploy.0 = Release|Any CPU
		{FEEADE5F-91F1-4DC6-8641-C501494578BC}.Release|x86.ActiveCfg = Release|Any CPU
		{FEEADE5F-91F1-4DC6-8641-C501494578BC}.Release|x86.Build.0 = Release|Any CPU
		{FEEADE5F-91F1-4DC6-8641-C501494578BC}.Release|x86.Deploy.0 = Release|Any CPU
		{1A56B080-AA72-431F-894B-919E2ECC83C6}.Ad-Hoc|Any CPU.ActiveCfg = Ad-Hoc|iPhone
		{1A56B080-AA72-431F-894B-919E2ECC83C6}.Ad-Hoc|ARM.ActiveCfg = Ad-Hoc|iPhone
		{1A56B080-AA72-431F-894B-919E2ECC83C6}.Ad-Hoc|iPhone.ActiveCfg = Ad-Hoc|iPhone
		{1A56B080-AA72-431F-894B-919E2ECC83C6}.Ad-Hoc|iPhone.Build.0 = Ad-Hoc|iPhone
		{1A56B080-AA72-431F-894B-919E2ECC83C6}.Ad-Hoc|iPhoneSimulator.ActiveCfg = Ad-Hoc|iPhoneSimulator
		{1A56B080-AA72-431F-894B-919E2ECC83C6}.Ad-Hoc|iPhoneSimulator.Build.0 = Ad-Hoc|iPhoneSimulator
		{1A56B080-AA72-431F-894B-919E2ECC83C6}.Ad-Hoc|x64.ActiveCfg = Ad-Hoc|iPhone
		{1A56B080-AA72-431F-894B-919E2ECC83C6}.Ad-Hoc|x86.ActiveCfg = Ad-Hoc|iPhone
		{1A56B080-AA72-431F-894B-919E2ECC83C6}.AppStore|Any CPU.ActiveCfg = AppStore|iPhone
		{1A56B080-AA72-431F-894B-919E2ECC83C6}.AppStore|ARM.ActiveCfg = AppStore|iPhone
		{1A56B080-AA72-431F-894B-919E2ECC83C6}.AppStore|iPhone.ActiveCfg = AppStore|iPhone
		{1A56B080-AA72-431F-894B-919E2ECC83C6}.AppStore|iPhone.Build.0 = AppStore|iPhone
		{1A56B080-AA72-431F-894B-919E2ECC83C6}.AppStore|iPhoneSimulator.ActiveCfg = AppStore|iPhoneSimulator
		{1A56B080-AA72-431F-894B-919E2ECC83C6}.AppStore|iPhoneSimulator.Build.0 = AppStore|iPhoneSimulator
		{1A56B080-AA72-431F-894B-919E2ECC83C6}.AppStore|x64.ActiveCfg = AppStore|iPhone
		{1A56B080-AA72-431F-894B-919E2ECC83C6}.AppStore|x86.ActiveCfg = AppStore|iPhone
		{1A56B080-AA72-431F-894B-919E2ECC83C6}.Debug|Any CPU.ActiveCfg = Debug|iPhone
		{1A56B080-AA72-431F-894B-919E2ECC83C6}.Debug|ARM.ActiveCfg = Debug|iPhone
		{1A56B080-AA72-431F-894B-919E2ECC83C6}.Debug|iPhone.ActiveCfg = Debug|iPhone
		{1A56B080-AA72-431F-894B-919E2ECC83C6}.Debug|iPhone.Build.0 = Debug|iPhone
		{1A56B080-AA72-431F-894B-919E2ECC83C6}.Debug|iPhoneSimulator.ActiveCfg = Debug|iPhoneSimulator
		{1A56B080-AA72-431F-894B-919E2ECC83C6}.Debug|iPhoneSimulator.Build.0 = Debug|iPhoneSimulator
		{1A56B080-AA72-431F-894B-919E2ECC83C6}.Debug|x64.ActiveCfg = Debug|iPhone
		{1A56B080-AA72-431F-894B-919E2ECC83C6}.Debug|x86.ActiveCfg = Debug|iPhone
		{1A56B080-AA72-431F-894B-919E2ECC83C6}.Release|Any CPU.ActiveCfg = Release|iPhone
		{1A56B080-AA72-431F-894B-919E2ECC83C6}.Release|ARM.ActiveCfg = Release|iPhone
		{1A56B080-AA72-431F-894B-919E2ECC83C6}.Release|iPhone.ActiveCfg = Release|iPhone
		{1A56B080-AA72-431F-894B-919E2ECC83C6}.Release|iPhone.Build.0 = Release|iPhone
		{1A56B080-AA72-431F-894B-919E2ECC83C6}.Release|iPhoneSimulator.ActiveCfg = Release|iPhoneSimulator
		{1A56B080-AA72-431F-894B-919E2ECC83C6}.Release|iPhoneSimulator.Build.0 = Release|iPhoneSimulator
		{1A56B080-AA72-431F-894B-919E2ECC83C6}.Release|x64.ActiveCfg = Release|iPhone
		{1A56B080-AA72-431F-894B-919E2ECC83C6}.Release|x86.ActiveCfg = Release|iPhone
		{3C7DC5CA-12D1-4B66-92FB-FAE454D3C5DC}.Ad-Hoc|Any CPU.ActiveCfg = Release|Any CPU
		{3C7DC5CA-12D1-4B66-92FB-FAE454D3C5DC}.Ad-Hoc|Any CPU.Build.0 = Release|Any CPU
		{3C7DC5CA-12D1-4B66-92FB-FAE454D3C5DC}.Ad-Hoc|Any CPU.Deploy.0 = Release|Any CPU
		{3C7DC5CA-12D1-4B66-92FB-FAE454D3C5DC}.Ad-Hoc|ARM.ActiveCfg = Release|ARM
		{3C7DC5CA-12D1-4B66-92FB-FAE454D3C5DC}.Ad-Hoc|ARM.Build.0 = Release|ARM
		{3C7DC5CA-12D1-4B66-92FB-FAE454D3C5DC}.Ad-Hoc|ARM.Deploy.0 = Release|ARM
		{3C7DC5CA-12D1-4B66-92FB-FAE454D3C5DC}.Ad-Hoc|iPhone.ActiveCfg = Release|Any CPU
		{3C7DC5CA-12D1-4B66-92FB-FAE454D3C5DC}.Ad-Hoc|iPhone.Build.0 = Release|Any CPU
		{3C7DC5CA-12D1-4B66-92FB-FAE454D3C5DC}.Ad-Hoc|iPhone.Deploy.0 = Release|Any CPU
		{3C7DC5CA-12D1-4B66-92FB-FAE454D3C5DC}.Ad-Hoc|iPhoneSimulator.ActiveCfg = Release|Any CPU
		{3C7DC5CA-12D1-4B66-92FB-FAE454D3C5DC}.Ad-Hoc|iPhoneSimulator.Build.0 = Release|Any CPU
		{3C7DC5CA-12D1-4B66-92FB-FAE454D3C5DC}.Ad-Hoc|iPhoneSimulator.Deploy.0 = Release|Any CPU
		{3C7DC5CA-12D1-4B66-92FB-FAE454D3C5DC}.Ad-Hoc|x64.ActiveCfg = Release|Any CPU
		{3C7DC5CA-12D1-4B66-92FB-FAE454D3C5DC}.Ad-Hoc|x64.Build.0 = Release|Any CPU
		{3C7DC5CA-12D1-4B66-92FB-FAE454D3C5DC}.Ad-Hoc|x64.Deploy.0 = Release|Any CPU
		{3C7DC5CA-12D1-4B66-92FB-FAE454D3C5DC}.Ad-Hoc|x86.ActiveCfg = Release|x86
		{3C7DC5CA-12D1-4B66-92FB-FAE454D3C5DC}.Ad-Hoc|x86.Build.0 = Release|x86
		{3C7DC5CA-12D1-4B66-92FB-FAE454D3C5DC}.Ad-Hoc|x86.Deploy.0 = Release|x86
		{3C7DC5CA-12D1-4B66-92FB-FAE454D3C5DC}.AppStore|Any CPU.ActiveCfg = Release|Any CPU
		{3C7DC5CA-12D1-4B66-92FB-FAE454D3C5DC}.AppStore|Any CPU.Build.0 = Release|Any CPU
		{3C7DC5CA-12D1-4B66-92FB-FAE454D3C5DC}.AppStore|Any CPU.Deploy.0 = Release|Any CPU
		{3C7DC5CA-12D1-4B66-92FB-FAE454D3C5DC}.AppStore|ARM.ActiveCfg = Release|ARM
		{3C7DC5CA-12D1-4B66-92FB-FAE454D3C5DC}.AppStore|ARM.Build.0 = Release|ARM
		{3C7DC5CA-12D1-4B66-92FB-FAE454D3C5DC}.AppStore|ARM.Deploy.0 = Release|ARM
		{3C7DC5CA-12D1-4B66-92FB-FAE454D3C5DC}.AppStore|iPhone.ActiveCfg = Release|Any CPU
		{3C7DC5CA-12D1-4B66-92FB-FAE454D3C5DC}.AppStore|iPhone.Build.0 = Release|Any CPU
		{3C7DC5CA-12D1-4B66-92FB-FAE454D3C5DC}.AppStore|iPhone.Deploy.0 = Release|Any CPU
		{3C7DC5CA-12D1-4B66-92FB-FAE454D3C5DC}.AppStore|iPhoneSimulator.ActiveCfg = Release|Any CPU
		{3C7DC5CA-12D1-4B66-92FB-FAE454D3C5DC}.AppStore|iPhoneSimulator.Build.0 = Release|Any CPU
		{3C7DC5CA-12D1-4B66-92FB-FAE454D3C5DC}.AppStore|iPhoneSimulator.Deploy.0 = Release|Any CPU
		{3C7DC5CA-12D1-4B66-92FB-FAE454D3C5DC}.AppStore|x64.ActiveCfg = Release|Any CPU
		{3C7DC5CA-12D1-4B66-92FB-FAE454D3C5DC}.AppStore|x64.Build.0 = Release|Any CPU
		{3C7DC5CA-12D1-4B66-92FB-FAE454D3C5DC}.AppStore|x64.Deploy.0 = Release|Any CPU
		{3C7DC5CA-12D1-4B66-92FB-FAE454D3C5DC}.AppStore|x86.ActiveCfg = Release|x86
		{3C7DC5CA-12D1-4B66-92FB-FAE454D3C5DC}.AppStore|x86.Build.0 = Release|x86
		{3C7DC5CA-12D1-4B66-92FB-FAE454D3C5DC}.AppStore|x86.Deploy.0 = Release|x86
		{3C7DC5CA-12D1-4B66-92FB-FAE454D3C5DC}.Debug|Any CPU.ActiveCfg = Debug|Any CPU
		{3C7DC5CA-12D1-4B66-92FB-FAE454D3C5DC}.Debug|Any CPU.Build.0 = Debug|Any CPU
		{3C7DC5CA-12D1-4B66-92FB-FAE454D3C5DC}.Debug|Any CPU.Deploy.0 = Debug|Any CPU
		{3C7DC5CA-12D1-4B66-92FB-FAE454D3C5DC}.Debug|ARM.ActiveCfg = Debug|ARM
		{3C7DC5CA-12D1-4B66-92FB-FAE454D3C5DC}.Debug|ARM.Build.0 = Debug|ARM
		{3C7DC5CA-12D1-4B66-92FB-FAE454D3C5DC}.Debug|ARM.Deploy.0 = Debug|ARM
		{3C7DC5CA-12D1-4B66-92FB-FAE454D3C5DC}.Debug|iPhone.ActiveCfg = Debug|Any CPU
		{3C7DC5CA-12D1-4B66-92FB-FAE454D3C5DC}.Debug|iPhone.Build.0 = Debug|Any CPU
		{3C7DC5CA-12D1-4B66-92FB-FAE454D3C5DC}.Debug|iPhone.Deploy.0 = Debug|Any CPU
		{3C7DC5CA-12D1-4B66-92FB-FAE454D3C5DC}.Debug|iPhoneSimulator.ActiveCfg = Debug|Any CPU
		{3C7DC5CA-12D1-4B66-92FB-FAE454D3C5DC}.Debug|iPhoneSimulator.Build.0 = Debug|Any CPU
		{3C7DC5CA-12D1-4B66-92FB-FAE454D3C5DC}.Debug|iPhoneSimulator.Deploy.0 = Debug|Any CPU
		{3C7DC5CA-12D1-4B66-92FB-FAE454D3C5DC}.Debug|x64.ActiveCfg = Debug|Any CPU
		{3C7DC5CA-12D1-4B66-92FB-FAE454D3C5DC}.Debug|x64.Build.0 = Debug|Any CPU
		{3C7DC5CA-12D1-4B66-92FB-FAE454D3C5DC}.Debug|x64.Deploy.0 = Debug|Any CPU
		{3C7DC5CA-12D1-4B66-92FB-FAE454D3C5DC}.Debug|x86.ActiveCfg = Debug|x86
		{3C7DC5CA-12D1-4B66-92FB-FAE454D3C5DC}.Debug|x86.Build.0 = Debug|x86
		{3C7DC5CA-12D1-4B66-92FB-FAE454D3C5DC}.Debug|x86.Deploy.0 = Debug|x86
		{3C7DC5CA-12D1-4B66-92FB-FAE454D3C5DC}.Release|Any CPU.ActiveCfg = Release|Any CPU
		{3C7DC5CA-12D1-4B66-92FB-FAE454D3C5DC}.Release|Any CPU.Build.0 = Release|Any CPU
		{3C7DC5CA-12D1-4B66-92FB-FAE454D3C5DC}.Release|Any CPU.Deploy.0 = Release|Any CPU
		{3C7DC5CA-12D1-4B66-92FB-FAE454D3C5DC}.Release|ARM.ActiveCfg = Release|ARM
		{3C7DC5CA-12D1-4B66-92FB-FAE454D3C5DC}.Release|ARM.Build.0 = Release|ARM
		{3C7DC5CA-12D1-4B66-92FB-FAE454D3C5DC}.Release|ARM.Deploy.0 = Release|ARM
		{3C7DC5CA-12D1-4B66-92FB-FAE454D3C5DC}.Release|iPhone.ActiveCfg = Release|Any CPU
		{3C7DC5CA-12D1-4B66-92FB-FAE454D3C5DC}.Release|iPhone.Build.0 = Release|Any CPU
		{3C7DC5CA-12D1-4B66-92FB-FAE454D3C5DC}.Release|iPhone.Deploy.0 = Release|Any CPU
		{3C7DC5CA-12D1-4B66-92FB-FAE454D3C5DC}.Release|iPhoneSimulator.ActiveCfg = Release|Any CPU
		{3C7DC5CA-12D1-4B66-92FB-FAE454D3C5DC}.Release|iPhoneSimulator.Build.0 = Release|Any CPU
		{3C7DC5CA-12D1-4B66-92FB-FAE454D3C5DC}.Release|iPhoneSimulator.Deploy.0 = Release|Any CPU
		{3C7DC5CA-12D1-4B66-92FB-FAE454D3C5DC}.Release|x64.ActiveCfg = Release|Any CPU
		{3C7DC5CA-12D1-4B66-92FB-FAE454D3C5DC}.Release|x64.Build.0 = Release|Any CPU
		{3C7DC5CA-12D1-4B66-92FB-FAE454D3C5DC}.Release|x64.Deploy.0 = Release|Any CPU
		{3C7DC5CA-12D1-4B66-92FB-FAE454D3C5DC}.Release|x86.ActiveCfg = Release|x86
		{3C7DC5CA-12D1-4B66-92FB-FAE454D3C5DC}.Release|x86.Build.0 = Release|x86
		{3C7DC5CA-12D1-4B66-92FB-FAE454D3C5DC}.Release|x86.Deploy.0 = Release|x86
		{B0431AD7-2985-46A3-93A2-DCF2E3B682A4}.Ad-Hoc|Any CPU.ActiveCfg = Release|Any CPU
		{B0431AD7-2985-46A3-93A2-DCF2E3B682A4}.Ad-Hoc|Any CPU.Build.0 = Release|Any CPU
		{B0431AD7-2985-46A3-93A2-DCF2E3B682A4}.Ad-Hoc|Any CPU.Deploy.0 = Release|Any CPU
		{B0431AD7-2985-46A3-93A2-DCF2E3B682A4}.Ad-Hoc|ARM.ActiveCfg = Release|ARM
		{B0431AD7-2985-46A3-93A2-DCF2E3B682A4}.Ad-Hoc|ARM.Build.0 = Release|ARM
		{B0431AD7-2985-46A3-93A2-DCF2E3B682A4}.Ad-Hoc|ARM.Deploy.0 = Release|ARM
		{B0431AD7-2985-46A3-93A2-DCF2E3B682A4}.Ad-Hoc|iPhone.ActiveCfg = Release|Any CPU
		{B0431AD7-2985-46A3-93A2-DCF2E3B682A4}.Ad-Hoc|iPhone.Build.0 = Release|Any CPU
		{B0431AD7-2985-46A3-93A2-DCF2E3B682A4}.Ad-Hoc|iPhone.Deploy.0 = Release|Any CPU
		{B0431AD7-2985-46A3-93A2-DCF2E3B682A4}.Ad-Hoc|iPhoneSimulator.ActiveCfg = Release|Any CPU
		{B0431AD7-2985-46A3-93A2-DCF2E3B682A4}.Ad-Hoc|iPhoneSimulator.Build.0 = Release|Any CPU
		{B0431AD7-2985-46A3-93A2-DCF2E3B682A4}.Ad-Hoc|iPhoneSimulator.Deploy.0 = Release|Any CPU
		{B0431AD7-2985-46A3-93A2-DCF2E3B682A4}.Ad-Hoc|x64.ActiveCfg = Release|x64
		{B0431AD7-2985-46A3-93A2-DCF2E3B682A4}.Ad-Hoc|x64.Build.0 = Release|x64
		{B0431AD7-2985-46A3-93A2-DCF2E3B682A4}.Ad-Hoc|x64.Deploy.0 = Release|x64
		{B0431AD7-2985-46A3-93A2-DCF2E3B682A4}.Ad-Hoc|x86.ActiveCfg = Release|x86
		{B0431AD7-2985-46A3-93A2-DCF2E3B682A4}.Ad-Hoc|x86.Build.0 = Release|x86
		{B0431AD7-2985-46A3-93A2-DCF2E3B682A4}.Ad-Hoc|x86.Deploy.0 = Release|x86
		{B0431AD7-2985-46A3-93A2-DCF2E3B682A4}.AppStore|Any CPU.ActiveCfg = Release|Any CPU
		{B0431AD7-2985-46A3-93A2-DCF2E3B682A4}.AppStore|Any CPU.Build.0 = Release|Any CPU
		{B0431AD7-2985-46A3-93A2-DCF2E3B682A4}.AppStore|Any CPU.Deploy.0 = Release|Any CPU
		{B0431AD7-2985-46A3-93A2-DCF2E3B682A4}.AppStore|ARM.ActiveCfg = Release|ARM
		{B0431AD7-2985-46A3-93A2-DCF2E3B682A4}.AppStore|ARM.Build.0 = Release|ARM
		{B0431AD7-2985-46A3-93A2-DCF2E3B682A4}.AppStore|ARM.Deploy.0 = Release|ARM
		{B0431AD7-2985-46A3-93A2-DCF2E3B682A4}.AppStore|iPhone.ActiveCfg = Release|Any CPU
		{B0431AD7-2985-46A3-93A2-DCF2E3B682A4}.AppStore|iPhone.Build.0 = Release|Any CPU
		{B0431AD7-2985-46A3-93A2-DCF2E3B682A4}.AppStore|iPhone.Deploy.0 = Release|Any CPU
		{B0431AD7-2985-46A3-93A2-DCF2E3B682A4}.AppStore|iPhoneSimulator.ActiveCfg = Release|Any CPU
		{B0431AD7-2985-46A3-93A2-DCF2E3B682A4}.AppStore|iPhoneSimulator.Build.0 = Release|Any CPU
		{B0431AD7-2985-46A3-93A2-DCF2E3B682A4}.AppStore|iPhoneSimulator.Deploy.0 = Release|Any CPU
		{B0431AD7-2985-46A3-93A2-DCF2E3B682A4}.AppStore|x64.ActiveCfg = Release|x64
		{B0431AD7-2985-46A3-93A2-DCF2E3B682A4}.AppStore|x64.Build.0 = Release|x64
		{B0431AD7-2985-46A3-93A2-DCF2E3B682A4}.AppStore|x64.Deploy.0 = Release|x64
		{B0431AD7-2985-46A3-93A2-DCF2E3B682A4}.AppStore|x86.ActiveCfg = Release|x86
		{B0431AD7-2985-46A3-93A2-DCF2E3B682A4}.AppStore|x86.Build.0 = Release|x86
		{B0431AD7-2985-46A3-93A2-DCF2E3B682A4}.AppStore|x86.Deploy.0 = Release|x86
		{B0431AD7-2985-46A3-93A2-DCF2E3B682A4}.Debug|Any CPU.ActiveCfg = Debug|Any CPU
		{B0431AD7-2985-46A3-93A2-DCF2E3B682A4}.Debug|Any CPU.Build.0 = Debug|Any CPU
		{B0431AD7-2985-46A3-93A2-DCF2E3B682A4}.Debug|Any CPU.Deploy.0 = Debug|Any CPU
		{B0431AD7-2985-46A3-93A2-DCF2E3B682A4}.Debug|ARM.ActiveCfg = Debug|ARM
		{B0431AD7-2985-46A3-93A2-DCF2E3B682A4}.Debug|ARM.Build.0 = Debug|ARM
		{B0431AD7-2985-46A3-93A2-DCF2E3B682A4}.Debug|ARM.Deploy.0 = Debug|ARM
		{B0431AD7-2985-46A3-93A2-DCF2E3B682A4}.Debug|iPhone.ActiveCfg = Debug|Any CPU
		{B0431AD7-2985-46A3-93A2-DCF2E3B682A4}.Debug|iPhone.Build.0 = Debug|Any CPU
		{B0431AD7-2985-46A3-93A2-DCF2E3B682A4}.Debug|iPhone.Deploy.0 = Debug|Any CPU
		{B0431AD7-2985-46A3-93A2-DCF2E3B682A4}.Debug|iPhoneSimulator.ActiveCfg = Debug|Any CPU
		{B0431AD7-2985-46A3-93A2-DCF2E3B682A4}.Debug|iPhoneSimulator.Build.0 = Debug|Any CPU
		{B0431AD7-2985-46A3-93A2-DCF2E3B682A4}.Debug|iPhoneSimulator.Deploy.0 = Debug|Any CPU
		{B0431AD7-2985-46A3-93A2-DCF2E3B682A4}.Debug|x64.ActiveCfg = Debug|x64
		{B0431AD7-2985-46A3-93A2-DCF2E3B682A4}.Debug|x64.Build.0 = Debug|x64
		{B0431AD7-2985-46A3-93A2-DCF2E3B682A4}.Debug|x64.Deploy.0 = Debug|x64
		{B0431AD7-2985-46A3-93A2-DCF2E3B682A4}.Debug|x86.ActiveCfg = Debug|x86
		{B0431AD7-2985-46A3-93A2-DCF2E3B682A4}.Debug|x86.Build.0 = Debug|x86
		{B0431AD7-2985-46A3-93A2-DCF2E3B682A4}.Debug|x86.Deploy.0 = Debug|x86
		{B0431AD7-2985-46A3-93A2-DCF2E3B682A4}.Release|Any CPU.ActiveCfg = Release|Any CPU
		{B0431AD7-2985-46A3-93A2-DCF2E3B682A4}.Release|Any CPU.Build.0 = Release|Any CPU
		{B0431AD7-2985-46A3-93A2-DCF2E3B682A4}.Release|Any CPU.Deploy.0 = Release|Any CPU
		{B0431AD7-2985-46A3-93A2-DCF2E3B682A4}.Release|ARM.ActiveCfg = Release|ARM
		{B0431AD7-2985-46A3-93A2-DCF2E3B682A4}.Release|ARM.Build.0 = Release|ARM
		{B0431AD7-2985-46A3-93A2-DCF2E3B682A4}.Release|ARM.Deploy.0 = Release|ARM
		{B0431AD7-2985-46A3-93A2-DCF2E3B682A4}.Release|iPhone.ActiveCfg = Release|Any CPU
		{B0431AD7-2985-46A3-93A2-DCF2E3B682A4}.Release|iPhone.Build.0 = Release|Any CPU
		{B0431AD7-2985-46A3-93A2-DCF2E3B682A4}.Release|iPhone.Deploy.0 = Release|Any CPU
		{B0431AD7-2985-46A3-93A2-DCF2E3B682A4}.Release|iPhoneSimulator.ActiveCfg = Release|Any CPU
		{B0431AD7-2985-46A3-93A2-DCF2E3B682A4}.Release|iPhoneSimulator.Build.0 = Release|Any CPU
		{B0431AD7-2985-46A3-93A2-DCF2E3B682A4}.Release|iPhoneSimulator.Deploy.0 = Release|Any CPU
		{B0431AD7-2985-46A3-93A2-DCF2E3B682A4}.Release|x64.ActiveCfg = Release|x64
		{B0431AD7-2985-46A3-93A2-DCF2E3B682A4}.Release|x64.Build.0 = Release|x64
		{B0431AD7-2985-46A3-93A2-DCF2E3B682A4}.Release|x64.Deploy.0 = Release|x64
		{B0431AD7-2985-46A3-93A2-DCF2E3B682A4}.Release|x86.ActiveCfg = Release|x86
		{B0431AD7-2985-46A3-93A2-DCF2E3B682A4}.Release|x86.Build.0 = Release|x86
		{B0431AD7-2985-46A3-93A2-DCF2E3B682A4}.Release|x86.Deploy.0 = Release|x86
		{9C7E3A46-B60F-4052-9A21-DC8D1A942216}.Ad-Hoc|Any CPU.ActiveCfg = Release|Any CPU
		{9C7E3A46-B60F-4052-9A21-DC8D1A942216}.Ad-Hoc|Any CPU.Build.0 = Release|Any CPU
		{9C7E3A46-B60F-4052-9A21-DC8D1A942216}.Ad-Hoc|ARM.ActiveCfg = Release|Any CPU
		{9C7E3A46-B60F-4052-9A21-DC8D1A942216}.Ad-Hoc|ARM.Build.0 = Release|Any CPU
		{9C7E3A46-B60F-4052-9A21-DC8D1A942216}.Ad-Hoc|iPhone.ActiveCfg = Release|Any CPU
		{9C7E3A46-B60F-4052-9A21-DC8D1A942216}.Ad-Hoc|iPhone.Build.0 = Release|Any CPU
		{9C7E3A46-B60F-4052-9A21-DC8D1A942216}.Ad-Hoc|iPhoneSimulator.ActiveCfg = Release|Any CPU
		{9C7E3A46-B60F-4052-9A21-DC8D1A942216}.Ad-Hoc|iPhoneSimulator.Build.0 = Release|Any CPU
		{9C7E3A46-B60F-4052-9A21-DC8D1A942216}.Ad-Hoc|x64.ActiveCfg = Release|Any CPU
		{9C7E3A46-B60F-4052-9A21-DC8D1A942216}.Ad-Hoc|x64.Build.0 = Release|Any CPU
		{9C7E3A46-B60F-4052-9A21-DC8D1A942216}.Ad-Hoc|x86.ActiveCfg = Release|Any CPU
		{9C7E3A46-B60F-4052-9A21-DC8D1A942216}.Ad-Hoc|x86.Build.0 = Release|Any CPU
		{9C7E3A46-B60F-4052-9A21-DC8D1A942216}.AppStore|Any CPU.ActiveCfg = Release|Any CPU
		{9C7E3A46-B60F-4052-9A21-DC8D1A942216}.AppStore|Any CPU.Build.0 = Release|Any CPU
		{9C7E3A46-B60F-4052-9A21-DC8D1A942216}.AppStore|ARM.ActiveCfg = Release|Any CPU
		{9C7E3A46-B60F-4052-9A21-DC8D1A942216}.AppStore|ARM.Build.0 = Release|Any CPU
		{9C7E3A46-B60F-4052-9A21-DC8D1A942216}.AppStore|iPhone.ActiveCfg = Release|Any CPU
		{9C7E3A46-B60F-4052-9A21-DC8D1A942216}.AppStore|iPhone.Build.0 = Release|Any CPU
		{9C7E3A46-B60F-4052-9A21-DC8D1A942216}.AppStore|iPhoneSimulator.ActiveCfg = Release|Any CPU
		{9C7E3A46-B60F-4052-9A21-DC8D1A942216}.AppStore|iPhoneSimulator.Build.0 = Release|Any CPU
		{9C7E3A46-B60F-4052-9A21-DC8D1A942216}.AppStore|x64.ActiveCfg = Release|Any CPU
		{9C7E3A46-B60F-4052-9A21-DC8D1A942216}.AppStore|x64.Build.0 = Release|Any CPU
		{9C7E3A46-B60F-4052-9A21-DC8D1A942216}.AppStore|x86.ActiveCfg = Release|Any CPU
		{9C7E3A46-B60F-4052-9A21-DC8D1A942216}.AppStore|x86.Build.0 = Release|Any CPU
		{9C7E3A46-B60F-4052-9A21-DC8D1A942216}.Debug|Any CPU.ActiveCfg = Debug|Any CPU
		{9C7E3A46-B60F-4052-9A21-DC8D1A942216}.Debug|Any CPU.Build.0 = Debug|Any CPU
		{9C7E3A46-B60F-4052-9A21-DC8D1A942216}.Debug|ARM.ActiveCfg = Debug|Any CPU
		{9C7E3A46-B60F-4052-9A21-DC8D1A942216}.Debug|ARM.Build.0 = Debug|Any CPU
		{9C7E3A46-B60F-4052-9A21-DC8D1A942216}.Debug|iPhone.ActiveCfg = Debug|Any CPU
		{9C7E3A46-B60F-4052-9A21-DC8D1A942216}.Debug|iPhone.Build.0 = Debug|Any CPU
		{9C7E3A46-B60F-4052-9A21-DC8D1A942216}.Debug|iPhoneSimulator.ActiveCfg = Debug|Any CPU
		{9C7E3A46-B60F-4052-9A21-DC8D1A942216}.Debug|iPhoneSimulator.Build.0 = Debug|Any CPU
		{9C7E3A46-B60F-4052-9A21-DC8D1A942216}.Debug|x64.ActiveCfg = Debug|Any CPU
		{9C7E3A46-B60F-4052-9A21-DC8D1A942216}.Debug|x64.Build.0 = Debug|Any CPU
		{9C7E3A46-B60F-4052-9A21-DC8D1A942216}.Debug|x86.ActiveCfg = Debug|Any CPU
		{9C7E3A46-B60F-4052-9A21-DC8D1A942216}.Debug|x86.Build.0 = Debug|Any CPU
		{9C7E3A46-B60F-4052-9A21-DC8D1A942216}.Release|Any CPU.ActiveCfg = Release|Any CPU
		{9C7E3A46-B60F-4052-9A21-DC8D1A942216}.Release|Any CPU.Build.0 = Release|Any CPU
		{9C7E3A46-B60F-4052-9A21-DC8D1A942216}.Release|ARM.ActiveCfg = Release|Any CPU
		{9C7E3A46-B60F-4052-9A21-DC8D1A942216}.Release|ARM.Build.0 = Release|Any CPU
		{9C7E3A46-B60F-4052-9A21-DC8D1A942216}.Release|iPhone.ActiveCfg = Release|Any CPU
		{9C7E3A46-B60F-4052-9A21-DC8D1A942216}.Release|iPhone.Build.0 = Release|Any CPU
		{9C7E3A46-B60F-4052-9A21-DC8D1A942216}.Release|iPhoneSimulator.ActiveCfg = Release|Any CPU
		{9C7E3A46-B60F-4052-9A21-DC8D1A942216}.Release|iPhoneSimulator.Build.0 = Release|Any CPU
		{9C7E3A46-B60F-4052-9A21-DC8D1A942216}.Release|x64.ActiveCfg = Release|Any CPU
		{9C7E3A46-B60F-4052-9A21-DC8D1A942216}.Release|x64.Build.0 = Release|Any CPU
		{9C7E3A46-B60F-4052-9A21-DC8D1A942216}.Release|x86.ActiveCfg = Release|Any CPU
		{9C7E3A46-B60F-4052-9A21-DC8D1A942216}.Release|x86.Build.0 = Release|Any CPU
	EndGlobalSection
	GlobalSection(SolutionProperties) = preSolution
		HideSolutionNode = FALSE
	EndGlobalSection
	GlobalSection(NestedProjects) = preSolution
		{2B1D1A8E-289F-4FB3-B2E2-7E30F045C94D} = {57AFCA21-6267-4644-B81D-16E48B272199}
		{FEEADE5F-91F1-4DC6-8641-C501494578BC} = {57AFCA21-6267-4644-B81D-16E48B272199}
		{1A56B080-AA72-431F-894B-919E2ECC83C6} = {57AFCA21-6267-4644-B81D-16E48B272199}
		{3C7DC5CA-12D1-4B66-92FB-FAE454D3C5DC} = {57AFCA21-6267-4644-B81D-16E48B272199}
		{B0431AD7-2985-46A3-93A2-DCF2E3B682A4} = {57AFCA21-6267-4644-B81D-16E48B272199}
	EndGlobalSection
EndGlobal
